
Microsoft Visual Studio Solution File, Format Version 12.00
# Visual Studio Version 17
VisualStudioVersion = 17.13.35818.85 d17.13
MinimumVisualStudioVersion = 10.0.40219.1
Project("{FAE04EC0-301F-11D3-BF4B-00C04F79EFBC}") = "tpmodul8_103022300092", "tpmodul8_103022300092\tpmodul8_103022300092.csproj", "{7EC82245-0275-484F-8945-89EE1AE21EBF}"
EndProject
Global
	GlobalSection(SolutionConfigurationPlatforms) = preSolution
		Debug|Any CPU = Debug|Any CPU
		Release|Any CPU = Release|Any CPU
	EndGlobalSection
	GlobalSection(ProjectConfigurationPlatforms) = postSolution
		{7EC82245-0275-484F-8945-89EE1AE21EBF}.Debug|Any CPU.ActiveCfg = Debug|Any CPU
		{7EC82245-0275-484F-8945-89EE1AE21EBF}.Debug|Any CPU.Build.0 = Debug|Any CPU
		{7EC82245-0275-484F-8945-89EE1AE21EBF}.Release|Any CPU.ActiveCfg = Release|Any CPU
		{7EC82245-0275-484F-8945-89EE1AE21EBF}.Release|Any CPU.Build.0 = Release|Any CPU
	EndGlobalSection
	GlobalSection(SolutionProperties) = preSolution
		HideSolutionNode = FALSE
	EndGlobalSection
	GlobalSection(ExtensibilityGlobals) = postSolution
		SolutionGuid = {A6547866-B4B0-49E3-B17A-9643264BB4E5}
	EndGlobalSection
EndGlobal
